
Microsoft Visual Studio Solution File, Format Version 12.00
# Visual Studio Version 17
VisualStudioVersion = 17.9.34728.123
MinimumVisualStudioVersion = 10.0.40219.1
Project("{FAE04EC0-301F-11D3-BF4B-00C04F79EFBC}") = "AuthServiceApi", "AuthServiceApi\AuthServiceApi.csproj", "{AF773AB5-A150-4EF0-8B82-CD8F72C20103}"
EndProject
Project("{FAE04EC0-301F-11D3-BF4B-00C04F79EFBC}") = "AuthServiceLibrary", "AuthServiceLibrary\AuthServiceLibrary.csproj", "{D700123E-035D-427A-AE62-ADA86C57B104}"
EndProject
Global
	GlobalSection(SolutionConfigurationPlatforms) = preSolution
		Debug|Any CPU = Debug|Any CPU
		Release|Any CPU = Release|Any CPU
	EndGlobalSection
	GlobalSection(ProjectConfigurationPlatforms) = postSolution
		{AF773AB5-A150-4EF0-8B82-CD8F72C20103}.Debug|Any CPU.ActiveCfg = Debug|Any CPU
		{AF773AB5-A150-4EF0-8B82-CD8F72C20103}.Debug|Any CPU.Build.0 = Debug|Any CPU
		{AF773AB5-A150-4EF0-8B82-CD8F72C20103}.Release|Any CPU.ActiveCfg = Release|Any CPU
		{AF773AB5-A150-4EF0-8B82-CD8F72C20103}.Release|Any CPU.Build.0 = Release|Any CPU
		{D700123E-035D-427A-AE62-ADA86C57B104}.Debug|Any CPU.ActiveCfg = Debug|Any CPU
		{D700123E-035D-427A-AE62-ADA86C57B104}.Debug|Any CPU.Build.0 = Debug|Any CPU
		{D700123E-035D-427A-AE62-ADA86C57B104}.Release|Any CPU.ActiveCfg = Release|Any CPU
		{D700123E-035D-427A-AE62-ADA86C57B104}.Release|Any CPU.Build.0 = Release|Any CPU
	EndGlobalSection
	GlobalSection(SolutionProperties) = preSolution
		HideSolutionNode = FALSE
	EndGlobalSection
	GlobalSection(ExtensibilityGlobals) = postSolution
		SolutionGuid = {C8702578-DC6E-4B1B-AF2F-6871661ECF10}
	EndGlobalSection
EndGlobal
