
Microsoft Visual Studio Solution File, Format Version 12.00
# Visual Studio Version 17
VisualStudioVersion = 17.9.34728.123
MinimumVisualStudioVersion = 10.0.40219.1
Project("{9A19103F-16F7-4668-BE54-9A1E7A4F7556}") = "AuthServiceLibrary", "AuthServiceLibrary\AuthServiceLibrary.csproj", "{D700123E-035D-427A-AE62-ADA86C57B104}"
EndProject
Project("{9A19103F-16F7-4668-BE54-9A1E7A4F7556}") = "UserServiceLibrary", "UserServiceLibrary\UserServiceLibrary.csproj", "{1318B1FE-8159-4C6D-92F9-AE9415DCFA90}"
EndProject
Project("{9A19103F-16F7-4668-BE54-9A1E7A4F7556}") = "AccountServiceApi", "AccountServiceApi\AccountServiceApi.csproj", "{C696C9DA-1538-4D82-BE60-A2967187F9F5}"
EndProject
Project("{9A19103F-16F7-4668-BE54-9A1E7A4F7556}") = "PostServiceApi", "PostServiceApi\PostServiceApi.csproj", "{02583A6A-3410-43EB-AE44-D3E62CA20BCE}"
EndProject
Project("{9A19103F-16F7-4668-BE54-9A1E7A4F7556}") = "PostServiceLibrary", "PostServiceLibrary\PostServiceLibrary.csproj", "{50325CD7-63A9-4B9F-8F4E-8D388D47DC6D}"
EndProject
Project("{9A19103F-16F7-4668-BE54-9A1E7A4F7556}") = "CommentServiceLibrary", "CommentServiceLibrary\CommentServiceLibrary.csproj", "{3FC4B2D2-9D42-4725-931F-45F5B54E058C}"
EndProject
Project("{9A19103F-16F7-4668-BE54-9A1E7A4F7556}") = "CommentServiceApi", "CommentServiceApi\CommentServiceApi.csproj", "{7CEC36F3-624C-4BD5-98F9-9F05C88F93E1}"
EndProject
Project("{9A19103F-16F7-4668-BE54-9A1E7A4F7556}") = "LikesServiceLibrary", "LikesServiceLibrary\LikesServiceLibrary.csproj", "{D919F9DF-B608-4993-958A-A61F316E3477}"
EndProject
Project("{9A19103F-16F7-4668-BE54-9A1E7A4F7556}") = "LikesServiceApi", "LikesServiceApi\LikesServiceApi.csproj", "{7F7EE29B-4B6B-4C99-BC4D-03D66D5FC443}"
EndProject
Project("{9A19103F-16F7-4668-BE54-9A1E7A4F7556}") = "SubscriptionServiceApi", "SubscriptionServiceApi\SubscriptionServiceApi.csproj", "{B63CDD62-DA01-43A9-979F-7EF9D484623B}"
EndProject
Project("{9A19103F-16F7-4668-BE54-9A1E7A4F7556}") = "SubscriptionServiceLibrary", "SubscriptionServiceLibrary\SubscriptionServiceLibrary.csproj", "{D01C82AD-26E3-47B3-8C4D-C9FA2621702F}"
EndProject
Project("{FAE04EC0-301F-11D3-BF4B-00C04F79EFBC}") = "NotificationService", "NotificationService\NotificationService.csproj", "{3860767B-012A-48C5-BE64-285108E53B46}"
EndProject
Global
	GlobalSection(SolutionConfigurationPlatforms) = preSolution
		Debug|Any CPU = Debug|Any CPU
		Release|Any CPU = Release|Any CPU
	EndGlobalSection
	GlobalSection(ProjectConfigurationPlatforms) = postSolution
		{D700123E-035D-427A-AE62-ADA86C57B104}.Debug|Any CPU.ActiveCfg = Debug|Any CPU
		{D700123E-035D-427A-AE62-ADA86C57B104}.Debug|Any CPU.Build.0 = Debug|Any CPU
		{D700123E-035D-427A-AE62-ADA86C57B104}.Release|Any CPU.ActiveCfg = Release|Any CPU
		{D700123E-035D-427A-AE62-ADA86C57B104}.Release|Any CPU.Build.0 = Release|Any CPU
		{1318B1FE-8159-4C6D-92F9-AE9415DCFA90}.Debug|Any CPU.ActiveCfg = Debug|Any CPU
		{1318B1FE-8159-4C6D-92F9-AE9415DCFA90}.Debug|Any CPU.Build.0 = Debug|Any CPU
		{1318B1FE-8159-4C6D-92F9-AE9415DCFA90}.Release|Any CPU.ActiveCfg = Release|Any CPU
		{1318B1FE-8159-4C6D-92F9-AE9415DCFA90}.Release|Any CPU.Build.0 = Release|Any CPU
		{C696C9DA-1538-4D82-BE60-A2967187F9F5}.Debug|Any CPU.ActiveCfg = Debug|Any CPU
		{C696C9DA-1538-4D82-BE60-A2967187F9F5}.Debug|Any CPU.Build.0 = Debug|Any CPU
		{C696C9DA-1538-4D82-BE60-A2967187F9F5}.Release|Any CPU.ActiveCfg = Release|Any CPU
		{C696C9DA-1538-4D82-BE60-A2967187F9F5}.Release|Any CPU.Build.0 = Release|Any CPU
		{02583A6A-3410-43EB-AE44-D3E62CA20BCE}.Debug|Any CPU.ActiveCfg = Debug|Any CPU
		{02583A6A-3410-43EB-AE44-D3E62CA20BCE}.Debug|Any CPU.Build.0 = Debug|Any CPU
		{02583A6A-3410-43EB-AE44-D3E62CA20BCE}.Release|Any CPU.ActiveCfg = Release|Any CPU
		{02583A6A-3410-43EB-AE44-D3E62CA20BCE}.Release|Any CPU.Build.0 = Release|Any CPU
		{50325CD7-63A9-4B9F-8F4E-8D388D47DC6D}.Debug|Any CPU.ActiveCfg = Debug|Any CPU
		{50325CD7-63A9-4B9F-8F4E-8D388D47DC6D}.Debug|Any CPU.Build.0 = Debug|Any CPU
		{50325CD7-63A9-4B9F-8F4E-8D388D47DC6D}.Release|Any CPU.ActiveCfg = Release|Any CPU
		{50325CD7-63A9-4B9F-8F4E-8D388D47DC6D}.Release|Any CPU.Build.0 = Release|Any CPU
		{3FC4B2D2-9D42-4725-931F-45F5B54E058C}.Debug|Any CPU.ActiveCfg = Debug|Any CPU
		{3FC4B2D2-9D42-4725-931F-45F5B54E058C}.Debug|Any CPU.Build.0 = Debug|Any CPU
		{3FC4B2D2-9D42-4725-931F-45F5B54E058C}.Release|Any CPU.ActiveCfg = Release|Any CPU
		{3FC4B2D2-9D42-4725-931F-45F5B54E058C}.Release|Any CPU.Build.0 = Release|Any CPU
		{7CEC36F3-624C-4BD5-98F9-9F05C88F93E1}.Debug|Any CPU.ActiveCfg = Debug|Any CPU
		{7CEC36F3-624C-4BD5-98F9-9F05C88F93E1}.Debug|Any CPU.Build.0 = Debug|Any CPU
		{7CEC36F3-624C-4BD5-98F9-9F05C88F93E1}.Release|Any CPU.ActiveCfg = Release|Any CPU
		{7CEC36F3-624C-4BD5-98F9-9F05C88F93E1}.Release|Any CPU.Build.0 = Release|Any CPU
		{D919F9DF-B608-4993-958A-A61F316E3477}.Debug|Any CPU.ActiveCfg = Debug|Any CPU
		{D919F9DF-B608-4993-958A-A61F316E3477}.Debug|Any CPU.Build.0 = Debug|Any CPU
		{D919F9DF-B608-4993-958A-A61F316E3477}.Release|Any CPU.ActiveCfg = Release|Any CPU
		{D919F9DF-B608-4993-958A-A61F316E3477}.Release|Any CPU.Build.0 = Release|Any CPU
		{7F7EE29B-4B6B-4C99-BC4D-03D66D5FC443}.Debug|Any CPU.ActiveCfg = Debug|Any CPU
		{7F7EE29B-4B6B-4C99-BC4D-03D66D5FC443}.Debug|Any CPU.Build.0 = Debug|Any CPU
		{7F7EE29B-4B6B-4C99-BC4D-03D66D5FC443}.Release|Any CPU.ActiveCfg = Release|Any CPU
		{7F7EE29B-4B6B-4C99-BC4D-03D66D5FC443}.Release|Any CPU.Build.0 = Release|Any CPU
		{B63CDD62-DA01-43A9-979F-7EF9D484623B}.Debug|Any CPU.ActiveCfg = Debug|Any CPU
		{B63CDD62-DA01-43A9-979F-7EF9D484623B}.Debug|Any CPU.Build.0 = Debug|Any CPU
		{B63CDD62-DA01-43A9-979F-7EF9D484623B}.Release|Any CPU.ActiveCfg = Release|Any CPU
		{B63CDD62-DA01-43A9-979F-7EF9D484623B}.Release|Any CPU.Build.0 = Release|Any CPU
		{D01C82AD-26E3-47B3-8C4D-C9FA2621702F}.Debug|Any CPU.ActiveCfg = Debug|Any CPU
		{D01C82AD-26E3-47B3-8C4D-C9FA2621702F}.Debug|Any CPU.Build.0 = Debug|Any CPU
		{D01C82AD-26E3-47B3-8C4D-C9FA2621702F}.Release|Any CPU.ActiveCfg = Release|Any CPU
		{D01C82AD-26E3-47B3-8C4D-C9FA2621702F}.Release|Any CPU.Build.0 = Release|Any CPU
		{3860767B-012A-48C5-BE64-285108E53B46}.Debug|Any CPU.ActiveCfg = Debug|Any CPU
		{3860767B-012A-48C5-BE64-285108E53B46}.Debug|Any CPU.Build.0 = Debug|Any CPU
		{3860767B-012A-48C5-BE64-285108E53B46}.Release|Any CPU.ActiveCfg = Release|Any CPU
		{3860767B-012A-48C5-BE64-285108E53B46}.Release|Any CPU.Build.0 = Release|Any CPU
	EndGlobalSection
	GlobalSection(SolutionProperties) = preSolution
		HideSolutionNode = FALSE
	EndGlobalSection
	GlobalSection(ExtensibilityGlobals) = postSolution
		SolutionGuid = {C8702578-DC6E-4B1B-AF2F-6871661ECF10}
	EndGlobalSection
EndGlobal
